// !$*UTF8*$!
{
	archiveVersion = 1;
	classes = {
	};
	objectVersion = 50;
	objects = {

/* Begin PBXBuildFile section */
		7E23A2DA2103803D004D60D5 /* AppDelegate.swift in Sources */ = {isa = PBXBuildFile; fileRef = 7E23A2D92103803D004D60D5 /* AppDelegate.swift */; };
		7E23A2DC2103803E004D60D5 /* BusinessViewController.swift in Sources */ = {isa = PBXBuildFile; fileRef = 7E23A2DB2103803E004D60D5 /* BusinessViewController.swift */; };
		7E23A2DF2103803E004D60D5 /* Main.storyboard in Resources */ = {isa = PBXBuildFile; fileRef = 7E23A2DD2103803E004D60D5 /* Main.storyboard */; };
		7E23A2E22103803E004D60D5 /* EgyptNews.xcdatamodeld in Sources */ = {isa = PBXBuildFile; fileRef = 7E23A2E02103803E004D60D5 /* EgyptNews.xcdatamodeld */; };
		7E23A2E421038043004D60D5 /* Assets.xcassets in Resources */ = {isa = PBXBuildFile; fileRef = 7E23A2E321038043004D60D5 /* Assets.xcassets */; };
		7E23A2E721038043004D60D5 /* LaunchScreen.storyboard in Resources */ = {isa = PBXBuildFile; fileRef = 7E23A2E521038043004D60D5 /* LaunchScreen.storyboard */; };
		7E23A2F02103C470004D60D5 /* ArtsViewController.swift in Sources */ = {isa = PBXBuildFile; fileRef = 7E23A2EF2103C470004D60D5 /* ArtsViewController.swift */; };
		7E23A2F22103C493004D60D5 /* PoliticsViewController.swift in Sources */ = {isa = PBXBuildFile; fileRef = 7E23A2F12103C493004D60D5 /* PoliticsViewController.swift */; };
		7E23A2F42103C4E4004D60D5 /* SportsViewController.swift in Sources */ = {isa = PBXBuildFile; fileRef = 7E23A2F32103C4E4004D60D5 /* SportsViewController.swift */; };
		7E23A2F62103C50E004D60D5 /* TechnologyViewController.swift in Sources */ = {isa = PBXBuildFile; fileRef = 7E23A2F52103C50E004D60D5 /* TechnologyViewController.swift */; };
		7E23A2F82103C663004D60D5 /* ShowNewsArticleViewController.swift in Sources */ = {isa = PBXBuildFile; fileRef = 7E23A2F72103C663004D60D5 /* ShowNewsArticleViewController.swift */; };
		7E72E4802104A51A005FBB3E /* NewsArticleCell.swift in Sources */ = {isa = PBXBuildFile; fileRef = 7E72E47F2104A51A005FBB3E /* NewsArticleCell.swift */; };
		7E8E7D9521061B1B003590C3 /* APIConfiguration.swift in Sources */ = {isa = PBXBuildFile; fileRef = 7E8E7D9421061B1B003590C3 /* APIConfiguration.swift */; };
		FBBA33376D945D9A23B15D89 /* libPods-EgyptNews.a in Frameworks */ = {isa = PBXBuildFile; fileRef = A9B36AD5A8E1C7F8279D2689 /* libPods-EgyptNews.a */; };
/* End PBXBuildFile section */

/* Begin PBXFileReference section */
		45F9C6BE1BE9A6ADE1499758 /* Pods-EgyptNews.release.xcconfig */ = {isa = PBXFileReference; includeInIndex = 1; lastKnownFileType = text.xcconfig; name = "Pods-EgyptNews.release.xcconfig"; path = "Pods/Target Support Files/Pods-EgyptNews/Pods-EgyptNews.release.xcconfig"; sourceTree = "<group>"; };
		4A50277CD175B24AFDBC78B2 /* Pods-EgyptNews.debug.xcconfig */ = {isa = PBXFileReference; includeInIndex = 1; lastKnownFileType = text.xcconfig; name = "Pods-EgyptNews.debug.xcconfig"; path = "Pods/Target Support Files/Pods-EgyptNews/Pods-EgyptNews.debug.xcconfig"; sourceTree = "<group>"; };
		7E23A2D62103803D004D60D5 /* EgyptNews.app */ = {isa = PBXFileReference; explicitFileType = wrapper.application; includeInIndex = 0; path = EgyptNews.app; sourceTree = BUILT_PRODUCTS_DIR; };
		7E23A2D92103803D004D60D5 /* AppDelegate.swift */ = {isa = PBXFileReference; lastKnownFileType = sourcecode.swift; path = AppDelegate.swift; sourceTree = "<group>"; };
		7E23A2DB2103803E004D60D5 /* BusinessViewController.swift */ = {isa = PBXFileReference; lastKnownFileType = sourcecode.swift; path = BusinessViewController.swift; sourceTree = "<group>"; };
		7E23A2DE2103803E004D60D5 /* Base */ = {isa = PBXFileReference; lastKnownFileType = file.storyboard; name = Base; path = Base.lproj/Main.storyboard; sourceTree = "<group>"; };
		7E23A2E12103803E004D60D5 /* EgyptNews.xcdatamodel */ = {isa = PBXFileReference; lastKnownFileType = wrapper.xcdatamodel; path = EgyptNews.xcdatamodel; sourceTree = "<group>"; };
		7E23A2E321038043004D60D5 /* Assets.xcassets */ = {isa = PBXFileReference; lastKnownFileType = folder.assetcatalog; path = Assets.xcassets; sourceTree = "<group>"; };
		7E23A2E621038043004D60D5 /* Base */ = {isa = PBXFileReference; lastKnownFileType = file.storyboard; name = Base; path = Base.lproj/LaunchScreen.storyboard; sourceTree = "<group>"; };
		7E23A2E821038043004D60D5 /* Info.plist */ = {isa = PBXFileReference; lastKnownFileType = text.plist.xml; path = Info.plist; sourceTree = "<group>"; };
		7E23A2EF2103C470004D60D5 /* ArtsViewController.swift */ = {isa = PBXFileReference; lastKnownFileType = sourcecode.swift; path = ArtsViewController.swift; sourceTree = "<group>"; };
		7E23A2F12103C493004D60D5 /* PoliticsViewController.swift */ = {isa = PBXFileReference; lastKnownFileType = sourcecode.swift; path = PoliticsViewController.swift; sourceTree = "<group>"; };
		7E23A2F32103C4E4004D60D5 /* SportsViewController.swift */ = {isa = PBXFileReference; lastKnownFileType = sourcecode.swift; path = SportsViewController.swift; sourceTree = "<group>"; };
		7E23A2F52103C50E004D60D5 /* TechnologyViewController.swift */ = {isa = PBXFileReference; lastKnownFileType = sourcecode.swift; path = TechnologyViewController.swift; sourceTree = "<group>"; };
		7E23A2F72103C663004D60D5 /* ShowNewsArticleViewController.swift */ = {isa = PBXFileReference; lastKnownFileType = sourcecode.swift; path = ShowNewsArticleViewController.swift; sourceTree = "<group>"; };
		7E72E47F2104A51A005FBB3E /* NewsArticleCell.swift */ = {isa = PBXFileReference; lastKnownFileType = sourcecode.swift; path = NewsArticleCell.swift; sourceTree = "<group>"; };
		7E8E7D9421061B1B003590C3 /* APIConfiguration.swift */ = {isa = PBXFileReference; lastKnownFileType = sourcecode.swift; path = APIConfiguration.swift; sourceTree = "<group>"; };
		A9B36AD5A8E1C7F8279D2689 /* libPods-EgyptNews.a */ = {isa = PBXFileReference; explicitFileType = archive.ar; includeInIndex = 0; path = "libPods-EgyptNews.a"; sourceTree = BUILT_PRODUCTS_DIR; };
/* End PBXFileReference section */

/* Begin PBXFrameworksBuildPhase section */
		7E23A2D32103803D004D60D5 /* Frameworks */ = {
			isa = PBXFrameworksBuildPhase;
			buildActionMask = 2147483647;
			files = (
				FBBA33376D945D9A23B15D89 /* libPods-EgyptNews.a in Frameworks */,
			);
			runOnlyForDeploymentPostprocessing = 0;
		};
/* End PBXFrameworksBuildPhase section */

/* Begin PBXGroup section */
		18D320E1AA4FD76000E299AD /* Frameworks */ = {
			isa = PBXGroup;
			children = (
				A9B36AD5A8E1C7F8279D2689 /* libPods-EgyptNews.a */,
			);
			name = Frameworks;
			sourceTree = "<group>";
		};
		6560DC5D6A54E4B42C6CB942 /* Pods */ = {
			isa = PBXGroup;
			children = (
				4A50277CD175B24AFDBC78B2 /* Pods-EgyptNews.debug.xcconfig */,
				45F9C6BE1BE9A6ADE1499758 /* Pods-EgyptNews.release.xcconfig */,
			);
			name = Pods;
			sourceTree = "<group>";
		};
		7E23A2CD2103803D004D60D5 = {
			isa = PBXGroup;
			children = (
				7E23A2D82103803D004D60D5 /* EgyptNews */,
				7E23A2D72103803D004D60D5 /* Products */,
				6560DC5D6A54E4B42C6CB942 /* Pods */,
				18D320E1AA4FD76000E299AD /* Frameworks */,
			);
			sourceTree = "<group>";
		};
		7E23A2D72103803D004D60D5 /* Products */ = {
			isa = PBXGroup;
			children = (
				7E23A2D62103803D004D60D5 /* EgyptNews.app */,
			);
			name = Products;
			sourceTree = "<group>";
		};
		7E23A2D82103803D004D60D5 /* EgyptNews */ = {
			isa = PBXGroup;
			children = (
				7E8E7D9321061AFB003590C3 /* Utitlities */,
				7E72E47E2104A4E5005FBB3E /* View */,
				7E23A2EE2103C43F004D60D5 /* Controller */,
				7E23A2D92103803D004D60D5 /* AppDelegate.swift */,
				7E23A2DD2103803E004D60D5 /* Main.storyboard */,
				7E23A2E321038043004D60D5 /* Assets.xcassets */,
				7E23A2E521038043004D60D5 /* LaunchScreen.storyboard */,
				7E23A2E821038043004D60D5 /* Info.plist */,
				7E23A2E02103803E004D60D5 /* EgyptNews.xcdatamodeld */,
			);
			path = EgyptNews;
			sourceTree = "<group>";
		};
		7E23A2EE2103C43F004D60D5 /* Controller */ = {
			isa = PBXGroup;
			children = (
				7E23A2DB2103803E004D60D5 /* BusinessViewController.swift */,
				7E23A2EF2103C470004D60D5 /* ArtsViewController.swift */,
				7E23A2F12103C493004D60D5 /* PoliticsViewController.swift */,
				7E23A2F32103C4E4004D60D5 /* SportsViewController.swift */,
				7E23A2F52103C50E004D60D5 /* TechnologyViewController.swift */,
				7E23A2F72103C663004D60D5 /* ShowNewsArticleViewController.swift */,
			);
			path = Controller;
			sourceTree = "<group>";
		};
		7E72E47E2104A4E5005FBB3E /* View */ = {
			isa = PBXGroup;
			children = (
				7E72E47F2104A51A005FBB3E /* NewsArticleCell.swift */,
			);
			path = View;
			sourceTree = "<group>";
		};
		7E8E7D9321061AFB003590C3 /* Utitlities */ = {
			isa = PBXGroup;
			children = (
				7E8E7D9421061B1B003590C3 /* APIConfiguration.swift */,
			);
			path = Utitlities;
			sourceTree = "<group>";
		};
/* End PBXGroup section */

/* Begin PBXNativeTarget section */
		7E23A2D52103803D004D60D5 /* EgyptNews */ = {
			isa = PBXNativeTarget;
			buildConfigurationList = 7E23A2EB21038043004D60D5 /* Build configuration list for PBXNativeTarget "EgyptNews" */;
			buildPhases = (
				35847BF397BE1AF6B9153765 /* [CP] Check Pods Manifest.lock */,
				7E23A2D22103803D004D60D5 /* Sources */,
				7E23A2D32103803D004D60D5 /* Frameworks */,
				7E23A2D42103803D004D60D5 /* Resources */,
			);
			buildRules = (
			);
			dependencies = (
			);
			name = EgyptNews;
			productName = EgyptNews;
			productReference = 7E23A2D62103803D004D60D5 /* EgyptNews.app */;
			productType = "com.apple.product-type.application";
		};
/* End PBXNativeTarget section */

/* Begin PBXProject section */
		7E23A2CE2103803D004D60D5 /* Project object */ = {
			isa = PBXProject;
			attributes = {
				LastSwiftUpdateCheck = 0940;
				LastUpgradeCheck = 0940;
				ORGANIZATIONNAME = "Ahmed Elbasha";
				TargetAttributes = {
					7E23A2D52103803D004D60D5 = {
						CreatedOnToolsVersion = 9.4.1;
					};
				};
			};
			buildConfigurationList = 7E23A2D12103803D004D60D5 /* Build configuration list for PBXProject "EgyptNews" */;
			compatibilityVersion = "Xcode 9.3";
			developmentRegion = en;
			hasScannedForEncodings = 0;
			knownRegions = (
				en,
				Base,
			);
			mainGroup = 7E23A2CD2103803D004D60D5;
			productRefGroup = 7E23A2D72103803D004D60D5 /* Products */;
			projectDirPath = "";
			projectRoot = "";
			targets = (
				7E23A2D52103803D004D60D5 /* EgyptNews */,
			);
		};
/* End PBXProject section */

/* Begin PBXResourcesBuildPhase section */
		7E23A2D42103803D004D60D5 /* Resources */ = {
			isa = PBXResourcesBuildPhase;
			buildActionMask = 2147483647;
			files = (
				7E23A2E721038043004D60D5 /* LaunchScreen.storyboard in Resources */,
				7E23A2E421038043004D60D5 /* Assets.xcassets in Resources */,
				7E23A2DF2103803E004D60D5 /* Main.storyboard in Resources */,
			);
			runOnlyForDeploymentPostprocessing = 0;
		};
/* End PBXResourcesBuildPhase section */

/* Begin PBXShellScriptBuildPhase section */
		35847BF397BE1AF6B9153765 /* [CP] Check Pods Manifest.lock */ = {
			isa = PBXShellScriptBuildPhase;
			buildActionMask = 2147483647;
			files = (
			);
			inputPaths = (
				"${PODS_PODFILE_DIR_PATH}/Podfile.lock",
				"${PODS_ROOT}/Manifest.lock",
			);
			name = "[CP] Check Pods Manifest.lock";
			outputPaths = (
				"$(DERIVED_FILE_DIR)/Pods-EgyptNews-checkManifestLockResult.txt",
			);
			runOnlyForDeploymentPostprocessing = 0;
			shellPath = /bin/sh;
			shellScript = "diff \"${PODS_PODFILE_DIR_PATH}/Podfile.lock\" \"${PODS_ROOT}/Manifest.lock\" > /dev/null\nif [ $? != 0 ] ; then\n    # print error to STDERR\n    echo \"error: The sandbox is not in sync with the Podfile.lock. Run 'pod install' or update your CocoaPods installation.\" >&2\n    exit 1\nfi\n# This output is used by Xcode 'outputs' to avoid re-running this script phase.\necho \"SUCCESS\" > \"${SCRIPT_OUTPUT_FILE_0}\"\n";
			showEnvVarsInLog = 0;
		};
/* End PBXShellScriptBuildPhase section */

/* Begin PBXSourcesBuildPhase section */
		7E23A2D22103803D004D60D5 /* Sources */ = {
			isa = PBXSourcesBuildPhase;
			buildActionMask = 2147483647;
			files = (
				7E23A2F02103C470004D60D5 /* ArtsViewController.swift in Sources */,
				7E23A2E22103803E004D60D5 /* EgyptNews.xcdatamodeld in Sources */,
				7E72E4802104A51A005FBB3E /* NewsArticleCell.swift in Sources */,
				7E23A2DC2103803E004D60D5 /* BusinessViewController.swift in Sources */,
				7E23A2F42103C4E4004D60D5 /* SportsViewController.swift in Sources */,
				7E23A2DA2103803D004D60D5 /* AppDelegate.swift in Sources */,
				7E23A2F22103C493004D60D5 /* PoliticsViewController.swift in Sources */,
				7E8E7D9521061B1B003590C3 /* APIConfiguration.swift in Sources */,
				7E23A2F62103C50E004D60D5 /* TechnologyViewController.swift in Sources */,
				7E23A2F82103C663004D60D5 /* ShowNewsArticleViewController.swift in Sources */,
			);
			runOnlyForDeploymentPostprocessing = 0;
		};
/* End PBXSourcesBuildPhase section */

/* Begin PBXVariantGroup section */
		7E23A2DD2103803E004D60D5 /* Main.storyboard */ = {
			isa = PBXVariantGroup;
			children = (
				7E23A2DE2103803E004D60D5 /* Base */,
			);
			name = Main.storyboard;
			sourceTree = "<group>";
		};
		7E23A2E521038043004D60D5 /* LaunchScreen.storyboard */ = {
			isa = PBXVariantGroup;
			children = (
				7E23A2E621038043004D60D5 /* Base */,
			);
			name = LaunchScreen.storyboard;
			sourceTree = "<group>";
		};
/* End PBXVariantGroup section */

/* Begin XCBuildConfiguration section */
		7E23A2E921038043004D60D5 /* Debug */ = {
			isa = XCBuildConfiguration;
			buildSettings = {
				ALWAYS_SEARCH_USER_PATHS = NO;
				CLANG_ANALYZER_NONNULL = YES;
				CLANG_ANALYZER_NUMBER_OBJECT_CONVERSION = YES_AGGRESSIVE;
				CLANG_CXX_LANGUAGE_STANDARD = "gnu++14";
				CLANG_CXX_LIBRARY = "libc++";
				CLANG_ENABLE_MODULES = YES;
				CLANG_ENABLE_OBJC_ARC = YES;
				CLANG_ENABLE_OBJC_WEAK = YES;
				CLANG_WARN_BLOCK_CAPTURE_AUTORELEASING = YES;
				CLANG_WARN_BOOL_CONVERSION = YES;
				CLANG_WARN_COMMA = YES;
				CLANG_WARN_CONSTANT_CONVERSION = YES;
				CLANG_WARN_DEPRECATED_OBJC_IMPLEMENTATIONS = YES;
				CLANG_WARN_DIRECT_OBJC_ISA_USAGE = YES_ERROR;
				CLANG_WARN_DOCUMENTATION_COMMENTS = YES;
				CLANG_WARN_EMPTY_BODY = YES;
				CLANG_WARN_ENUM_CONVERSION = YES;
				CLANG_WARN_INFINITE_RECURSION = YES;
				CLANG_WARN_INT_CONVERSION = YES;
				CLANG_WARN_NON_LITERAL_NULL_CONVERSION = YES;
				CLANG_WARN_OBJC_IMPLICIT_RETAIN_SELF = YES;
				CLANG_WARN_OBJC_LITERAL_CONVERSION = YES;
				CLANG_WARN_OBJC_ROOT_CLASS = YES_ERROR;
				CLANG_WARN_RANGE_LOOP_ANALYSIS = YES;
				CLANG_WARN_STRICT_PROTOTYPES = YES;
				CLANG_WARN_SUSPICIOUS_MOVE = YES;
				CLANG_WARN_UNGUARDED_AVAILABILITY = YES_AGGRESSIVE;
				CLANG_WARN_UNREACHABLE_CODE = YES;
				CLANG_WARN__DUPLICATE_METHOD_MATCH = YES;
				CODE_SIGN_IDENTITY = "iPhone Developer";
				COPY_PHASE_STRIP = NO;
				DEBUG_INFORMATION_FORMAT = dwarf;
				ENABLE_STRICT_OBJC_MSGSEND = YES;
				ENABLE_TESTABILITY = YES;
				GCC_C_LANGUAGE_STANDARD = gnu11;
				GCC_DYNAMIC_NO_PIC = NO;
				GCC_NO_COMMON_BLOCKS = YES;
				GCC_OPTIMIZATION_LEVEL = 0;
				GCC_PREPROCESSOR_DEFINITIONS = (
					"DEBUG=1",
					"$(inherited)",
				);
				GCC_WARN_64_TO_32_BIT_CONVERSION = YES;
				GCC_WARN_ABOUT_RETURN_TYPE = YES_ERROR;
				GCC_WARN_UNDECLARED_SELECTOR = YES;
				GCC_WARN_UNINITIALIZED_AUTOS = YES_AGGRESSIVE;
				GCC_WARN_UNUSED_FUNCTION = YES;
				GCC_WARN_UNUSED_VARIABLE = YES;
				IPHONEOS_DEPLOYMENT_TARGET = 11.4;
				MTL_ENABLE_DEBUG_INFO = YES;
				ONLY_ACTIVE_ARCH = YES;
				SDKROOT = iphoneos;
				SWIFT_ACTIVE_COMPILATION_CONDITIONS = DEBUG;
				SWIFT_OPTIMIZATION_LEVEL = "-Onone";
			};
			name = Debug;
		};
		7E23A2EA21038043004D60D5 /* Release */ = {
			isa = XCBuildConfiguration;
			buildSettings = {
				ALWAYS_SEARCH_USER_PATHS = NO;
				CLANG_ANALYZER_NONNULL = YES;
				CLANG_ANALYZER_NUMBER_OBJECT_CONVERSION = YES_AGGRESSIVE;
				CLANG_CXX_LANGUAGE_STANDARD = "gnu++14";
				CLANG_CXX_LIBRARY = "libc++";
				CLANG_ENABLE_MODULES = YES;
				CLANG_ENABLE_OBJC_ARC = YES;
				CLANG_ENABLE_OBJC_WEAK = YES;
				CLANG_WARN_BLOCK_CAPTURE_AUTORELEASING = YES;
				CLANG_WARN_BOOL_CONVERSION = YES;
				CLANG_WARN_COMMA = YES;
				CLANG_WARN_CONSTANT_CONVERSION = YES;
				CLANG_WARN_DEPRECATED_OBJC_IMPLEMENTATIONS = YES;
				CLANG_WARN_DIRECT_OBJC_ISA_USAGE = YES_ERROR;
				CLANG_WARN_DOCUMENTATION_COMMENTS = YES;
				CLANG_WARN_EMPTY_BODY = YES;
				CLANG_WARN_ENUM_CONVERSION = YES;
				CLANG_WARN_INFINITE_RECURSION = YES;
				CLANG_WARN_INT_CONVERSION = YES;
				CLANG_WARN_NON_LITERAL_NULL_CONVERSION = YES;
				CLANG_WARN_OBJC_IMPLICIT_RETAIN_SELF = YES;
				CLANG_WARN_OBJC_LITERAL_CONVERSION = YES;
				CLANG_WARN_OBJC_ROOT_CLASS = YES_ERROR;
				CLANG_WARN_RANGE_LOOP_ANALYSIS = YES;
				CLANG_WARN_STRICT_PROTOTYPES = YES;
				CLANG_WARN_SUSPICIOUS_MOVE = YES;
				CLANG_WARN_UNGUARDED_AVAILABILITY = YES_AGGRESSIVE;
				CLANG_WARN_UNREACHABLE_CODE = YES;
				CLANG_WARN__DUPLICATE_METHOD_MATCH = YES;
				CODE_SIGN_IDENTITY = "iPhone Developer";
				COPY_PHASE_STRIP = NO;
				DEBUG_INFORMATION_FORMAT = "dwarf-with-dsym";
				ENABLE_NS_ASSERTIONS = NO;
				ENABLE_STRICT_OBJC_MSGSEND = YES;
				GCC_C_LANGUAGE_STANDARD = gnu11;
				GCC_NO_COMMON_BLOCKS = YES;
				GCC_WARN_64_TO_32_BIT_CONVERSION = YES;
				GCC_WARN_ABOUT_RETURN_TYPE = YES_ERROR;
				GCC_WARN_UNDECLARED_SELECTOR = YES;
				GCC_WARN_UNINITIALIZED_AUTOS = YES_AGGRESSIVE;
				GCC_WARN_UNUSED_FUNCTION = YES;
				GCC_WARN_UNUSED_VARIABLE = YES;
				IPHONEOS_DEPLOYMENT_TARGET = 11.4;
				MTL_ENABLE_DEBUG_INFO = NO;
				SDKROOT = iphoneos;
				SWIFT_COMPILATION_MODE = wholemodule;
				SWIFT_OPTIMIZATION_LEVEL = "-O";
				VALIDATE_PRODUCT = YES;
			};
			name = Release;
		};
		7E23A2EC21038043004D60D5 /* Debug */ = {
			isa = XCBuildConfiguration;
			baseConfigurationReference = 4A50277CD175B24AFDBC78B2 /* Pods-EgyptNews.debug.xcconfig */;
			buildSettings = {
				ASSETCATALOG_COMPILER_APPICON_NAME = AppIcon;
				CODE_SIGN_STYLE = Automatic;
				INFOPLIST_FILE = EgyptNews/Info.plist;
				LD_RUNPATH_SEARCH_PATHS = (
					"$(inherited)",
					"@executable_path/Frameworks",
				);
				PRODUCT_BUNDLE_IDENTIFIER = "Ahmed-Elbasha.EgyptNews";
				PRODUCT_NAME = "$(TARGET_NAME)";
				SWIFT_VERSION = 4.0;
				TARGETED_DEVICE_FAMILY = "1,2";
			};
			name = Debug;
		};
		7E23A2ED21038043004D60D5 /* Release */ = {
			isa = XCBuildConfiguration;
			baseConfigurationReference = 45F9C6BE1BE9A6ADE1499758 /* Pods-EgyptNews.release.xcconfig */;
			buildSettings = {
				ASSETCATALOG_COMPILER_APPICON_NAME = AppIcon;
				CODE_SIGN_STYLE = Automatic;
				INFOPLIST_FILE = EgyptNews/Info.plist;
				LD_RUNPATH_SEARCH_PATHS = (
					"$(inherited)",
					"@executable_path/Frameworks",
				);
				PRODUCT_BUNDLE_IDENTIFIER = "Ahmed-Elbasha.EgyptNews";
				PRODUCT_NAME = "$(TARGET_NAME)";
				SWIFT_VERSION = 4.0;
				TARGETED_DEVICE_FAMILY = "1,2";
			};
			name = Release;
		};
/* End XCBuildConfiguration section */

/* Begin XCConfigurationList section */
		7E23A2D12103803D004D60D5 /* Build configuration list for PBXProject "EgyptNews" */ = {
			isa = XCConfigurationList;
			buildConfigurations = (
				7E23A2E921038043004D60D5 /* Debug */,
				7E23A2EA21038043004D60D5 /* Release */,
			);
			defaultConfigurationIsVisible = 0;
			defaultConfigurationName = Release;
		};
		7E23A2EB21038043004D60D5 /* Build configuration list for PBXNativeTarget "EgyptNews" */ = {
			isa = XCConfigurationList;
			buildConfigurations = (
				7E23A2EC21038043004D60D5 /* Debug */,
				7E23A2ED21038043004D60D5 /* Release */,
			);
			defaultConfigurationIsVisible = 0;
			defaultConfigurationName = Release;
		};
/* End XCConfigurationList section */

/* Begin XCVersionGroup section */
		7E23A2E02103803E004D60D5 /* EgyptNews.xcdatamodeld */ = {
			isa = XCVersionGroup;
			children = (
				7E23A2E12103803E004D60D5 /* EgyptNews.xcdatamodel */,
			);
			currentVersion = 7E23A2E12103803E004D60D5 /* EgyptNews.xcdatamodel */;
			path = EgyptNews.xcdatamodeld;
			sourceTree = "<group>";
			versionGroupType = wrapper.xcdatamodel;
		};
/* End XCVersionGroup section */
	};
	rootObject = 7E23A2CE2103803D004D60D5 /* Project object */;
}
